<?xml version="1.0" encoding="utf-8"?>
<Project ToolsVersion="4.0" xmlns="http://schemas.microsoft.com/developer/msbuild/2003">
  <ItemGroup>
    <Filter Include="Source Files">
      <UniqueIdentifier>{4FC737F1-C7A5-4376-A066-2A32D752A2FF}</UniqueIdentifier>
      <Extensions>cpp;c;cc;cxx;c++;cppm;ixx;def;odl;idl;hpj;bat;asm;asmx</Extensions>
    </Filter>
    <Filter Include="Header Files">
      <UniqueIdentifier>{93995380-89BD-4b04-88EB-625FBE52EBFB}</UniqueIdentifier>
      <Extensions>h;hh;hpp;hxx;h++;hm;inl;inc;ipp;xsd</Extensions>
    </Filter>
    <Filter Include="Resource Files">
      <UniqueIdentifier>{67DA6AB6-F800-4c08-8B7A-83BB121AAD01}</UniqueIdentifier>
      <Extensions>rc;ico;cur;bmp;dlg;rc2;rct;bin;rgs;gif;jpg;jpeg;jpe;resx;tiff;tif;png;wav;mfcribbon-ms</Extensions>
    </Filter>
  </ItemGroup>
  <ItemGroup>
    <ClInclude Include="Application\Game.h">
      <Filter>Header Files</Filter>
    </ClInclude>
    <ClInclude Include="Objects\UIElements\Scenes\IScene.h">
      <Filter>Header Files</Filter>
    </ClInclude>
    <ClInclude Include="Objects\UIElements\Scenes\MenuScenes\StartMenu.h">
      <Filter>Header Files</Filter>
    </ClInclude>
    <ClInclude Include="Objects\UIElements\Controls\Buttons\Button.h">
      <Filter>Header Files</Filter>
    </ClInclude>
    <ClInclude Include="Objects\UIElements\Controls\Control.h">
      <Filter>Header Files</Filter>
    </ClInclude>
    <ClInclude Include="Objects\UIElements\Controls\TextBlock.h">
      <Filter>Header Files</Filter>
    </ClInclude>
    <ClInclude Include="Objects\UIElements\Scenes\MenuScenes\PauseMenu.h">
      <Filter>Header Files</Filter>
    </ClInclude>
    <ClInclude Include="Objects\UIElements\Scenes\MenuScenes\SettingsMenu.h">
      <Filter>Header Files</Filter>
    </ClInclude>
    <ClInclude Include="Objects\UIElements\Scenes\GameScene.h">
      <Filter>Header Files</Filter>
    </ClInclude>
    <ClInclude Include="Application\Application.h">
      <Filter>Header Files</Filter>
    </ClInclude>
    <ClInclude Include="Objects\GameObjects\Tetromino\Tetromino.h">
      <Filter>Header Files</Filter>
    </ClInclude>
    <ClInclude Include="Objects\Object.h">
      <Filter>Header Files</Filter>
    </ClInclude>
    <ClInclude Include="Objects\GameObjects\Cell.h">
      <Filter>Header Files</Filter>
    </ClInclude>
    <ClInclude Include="Objects\GameObjects\Grid.h">
      <Filter>Header Files</Filter>
    </ClInclude>
    <ClInclude Include="BasicStructs\MovementSide.h">
      <Filter>Header Files</Filter>
    </ClInclude>
    <ClInclude Include="Objects\UIElements\Scenes\MenuScenes\GameOverMenu.h">
      <Filter>Header Files</Filter>
    </ClInclude>
    <ClInclude Include="Style\Color.h">
      <Filter>Header Files</Filter>
    </ClInclude>
    <ClInclude Include="Objects\UIElements\Scenes\MenuScenes\MenuScene.h">
      <Filter>Header Files</Filter>
    </ClInclude>
    <ClInclude Include="Events\HoldKeyEvent.h">
      <Filter>Header Files</Filter>
    </ClInclude>
    <ClInclude Include="Style\Texture.h">
      <Filter>Header Files</Filter>
    </ClInclude>
    <ClInclude Include="Tools\Actions\Animation.h">
      <Filter>Header Files</Filter>
    </ClInclude>
    <ClInclude Include="resource.h">
      <Filter>Header Files</Filter>
    </ClInclude>
    <ClInclude Include="Objects\UIElements\Controls\Slider.h">
      <Filter>Header Files</Filter>
    </ClInclude>
    <ClInclude Include="Objects\UIElements\Controls\Container.h">
      <Filter>Header Files</Filter>
    </ClInclude>
    <ClInclude Include="Objects\UIElements\Controls\Buttons\TextButton.h">
      <Filter>Header Files</Filter>
    </ClInclude>
    <ClInclude Include="Objects\UIElements\Controls\Image.h">
      <Filter>Header Files</Filter>
    </ClInclude>
    <ClInclude Include="Tools\Serialization\ISerializable.h">
      <Filter>Header Files</Filter>
    </ClInclude>
    <ClInclude Include="Tools\Serialization\SettinsDataSerializer.h">
      <Filter>Header Files</Filter>
    </ClInclude>
    <ClInclude Include="Objects\UIElements\Scenes\Scene.h">
      <Filter>Header Files</Filter>
    </ClInclude>
    <ClInclude Include="Objects\UIElements\UIElement.h">
      <Filter>Header Files</Filter>
    </ClInclude>
    <ClInclude Include="Objects\GameObjects\CellStorage.h">
      <Filter>Header Files</Filter>
    </ClInclude>
    <ClInclude Include="Tools\Actions\Action.h">
      <Filter>Header Files</Filter>
    </ClInclude>
    <ClInclude Include="Tools\Actions\ActionBase.h">
      <Filter>Header Files</Filter>
    </ClInclude>
    <ClInclude Include="Objects\GameObjects\Tetromino\ActiveTetromino.h">
      <Filter>Header Files</Filter>
    </ClInclude>
    <ClInclude Include="Audio\Music.h">
      <Filter>Header Files</Filter>
    </ClInclude>
    <ClInclude Include="Audio\SoundEffect.h">
      <Filter>Header Files</Filter>
    </ClInclude>
    <ClInclude Include="Events\Events.h">
      <Filter>Header Files</Filter>
    </ClInclude>
    <ClInclude Include="Objects\GameObjects\Tetromino\TetrominoCollection.h">
      <Filter>Header Files</Filter>
    </ClInclude>
  </ItemGroup>
  <ItemGroup>
    <ClCompile Include="Application\Game.cpp">
      <Filter>Source Files</Filter>
    </ClCompile>
    <ClCompile Include="Main.cpp">
      <Filter>Source Files</Filter>
    </ClCompile>
    <ClCompile Include="Objects\UIElements\Scenes\MenuScenes\StartMenu.cpp">
      <Filter>Source Files</Filter>
    </ClCompile>
    <ClCompile Include="Objects\UIElements\Controls\Buttons\Button.cpp">
      <Filter>Source Files</Filter>
    </ClCompile>
    <ClCompile Include="Objects\UIElements\Controls\Control.cpp">
      <Filter>Source Files</Filter>
    </ClCompile>
    <ClCompile Include="Objects\UIElements\Scenes\MenuScenes\PauseMenu.cpp">
      <Filter>Source Files</Filter>
    </ClCompile>
    <ClCompile Include="Objects\UIElements\Scenes\MenuScenes\SettingsMenu.cpp">
      <Filter>Source Files</Filter>
    </ClCompile>
    <ClCompile Include="Objects\UIElements\Scenes\GameScene.cpp">
      <Filter>Source Files</Filter>
    </ClCompile>
    <ClCompile Include="Application\Application.cpp">
      <Filter>Source Files</Filter>
    </ClCompile>
    <ClCompile Include="Objects\GameObjects\Tetromino\Tetromino.cpp">
      <Filter>Source Files</Filter>
    </ClCompile>
    <ClCompile Include="Objects\Object.cpp">
      <Filter>Source Files</Filter>
    </ClCompile>
    <ClCompile Include="Objects\GameObjects\Cell.cpp">
      <Filter>Source Files</Filter>
    </ClCompile>
    <ClCompile Include="Objects\GameObjects\Grid.cpp">
      <Filter>Source Files</Filter>
    </ClCompile>
    <ClCompile Include="Objects\UIElements\Scenes\MenuScenes\GameOverMenu.cpp">
      <Filter>Source Files</Filter>
    </ClCompile>
    <ClCompile Include="Objects\UIElements\Controls\TextBlock.cpp">
      <Filter>Source Files</Filter>
    </ClCompile>
    <ClCompile Include="Style\Color.cpp">
      <Filter>Source Files</Filter>
    </ClCompile>
    <ClCompile Include="Objects\UIElements\Scenes\MenuScenes\MenuScene.cpp">
      <Filter>Source Files</Filter>
    </ClCompile>
    <ClCompile Include="Events\HoldKeyEvent.cpp">
      <Filter>Source Files</Filter>
    </ClCompile>
    <ClCompile Include="Style\Texture.cpp">
      <Filter>Source Files</Filter>
    </ClCompile>
    <ClCompile Include="Tools\Actions\Animation.cpp">
      <Filter>Source Files</Filter>
    </ClCompile>
    <ClCompile Include="Objects\UIElements\Controls\Slider.cpp">
      <Filter>Source Files</Filter>
    </ClCompile>
    <ClCompile Include="Objects\UIElements\Controls\Container.cpp">
      <Filter>Source Files</Filter>
    </ClCompile>
    <ClCompile Include="Objects\UIElements\Controls\Buttons\TextButton.cpp">
      <Filter>Source Files</Filter>
    </ClCompile>
    <ClCompile Include="Objects\UIElements\Controls\Image.cpp">
      <Filter>Source Files</Filter>
    </ClCompile>
    <ClCompile Include="Tools\Serialization\SettinsDataSerializer.cpp">
      <Filter>Source Files</Filter>
    </ClCompile>
    <ClCompile Include="Objects\UIElements\Scenes\Scene.cpp">
      <Filter>Source Files</Filter>
    </ClCompile>
    <ClCompile Include="Objects\UIElements\UIElement.cpp">
      <Filter>Source Files</Filter>
    </ClCompile>
    <ClCompile Include="Objects\GameObjects\CellStorage.cpp">
      <Filter>Source Files</Filter>
    </ClCompile>
    <ClCompile Include="Tools\Actions\Action.cpp">
      <Filter>Source Files</Filter>
    </ClCompile>
    <ClCompile Include="Tools\Actions\ActionBase.cpp">
      <Filter>Source Files</Filter>
    </ClCompile>
    <ClCompile Include="Objects\GameObjects\Tetromino\ActiveTetromino.cpp">
      <Filter>Source Files</Filter>
    </ClCompile>
    <ClCompile Include="Audio\Music.cpp">
      <Filter>Source Files</Filter>
    </ClCompile>
    <ClCompile Include="Audio\SoundEffect.cpp">
      <Filter>Source Files</Filter>
    </ClCompile>
    <ClCompile Include="Objects\GameObjects\Tetromino\TetrominoCollection.cpp">
      <Filter>Source Files</Filter>
    </ClCompile>
  </ItemGroup>
  <ItemGroup>
    <Image Include="Resources\Icons\windosIcon.ico">
      <Filter>Resource Files</Filter>
    </Image>
  </ItemGroup>
  <ItemGroup>
    <ResourceCompile Include="Tetris.rc">
      <Filter>Resource Files</Filter>
    </ResourceCompile>
  </ItemGroup>
</Project>